# THIS IS AN AUTOGENERATED FILE. DO NOT EDIT THIS FILE DIRECTLY.
# yarn lockfile v1


"@d-fischer/cache-decorators@^4.0.0":
  version "4.0.1"
  resolved "https://registry.yarnpkg.com/@d-fischer/cache-decorators/-/cache-decorators-4.0.1.tgz#a2daaa20467255653114655bf416a0d4dc1ef0ef"
  integrity sha512-HNYLBLWs/t28GFZZeqdIBqq8f37mqDIFO6xNPof94VjpKvuP6ROqCZGafx88dk5zZUlBfViV9jD8iNNlXfc4CA==
  dependencies:
    "@d-fischer/shared-utils" "^3.6.3"
    tslib "^2.6.2"

"@d-fischer/connection@^9.0.0":
  version "9.0.0"
  resolved "https://registry.yarnpkg.com/@d-fischer/connection/-/connection-9.0.0.tgz#8e684bdbc08330380de98d9cc3a61329b603d932"
  integrity sha512-Mljp/EbaE+eYWfsFXUOk+RfpbHgrWGL/60JkAvjYixw6KREfi5r17XdUiXe54ByAQox6jwgdN2vebdmW1BT+nQ==
  dependencies:
    "@d-fischer/isomorphic-ws" "^7.0.0"
    "@d-fischer/logger" "^4.2.1"
    "@d-fischer/shared-utils" "^3.5.0"
    "@d-fischer/typed-event-emitter" "^3.3.0"
    "@types/ws" "^8.5.4"
    tslib "^2.4.1"
    ws "^8.11.0"

"@d-fischer/cross-fetch@^5.0.1":
  version "5.0.5"
  resolved "https://registry.yarnpkg.com/@d-fischer/cross-fetch/-/cross-fetch-5.0.5.tgz#5905ac512e8e14110de8d4b92c0c4e7da0e6b5d9"
  integrity sha512-symjDUPInTrkfIsZc2n2mo9hiAJLcTJsZkNICjZajEWnWpJ3s3zn50/FY8xpNUAf5w3eFuQii2wxztTGpvG1Xg==
  dependencies:
    node-fetch "^2.6.12"

"@d-fischer/deprecate@^2.0.2":
  version "2.0.2"
  resolved "https://registry.yarnpkg.com/@d-fischer/deprecate/-/deprecate-2.0.2.tgz#d1f0d40acc881edd771cace7992a1070460608c8"
  integrity sha512-wlw3HwEanJFJKctwLzhfOM6LKwR70FPfGZGoKOhWBKyOPXk+3a9Cc6S9zhm6tka7xKtpmfxVIReGUwPnMbIaZg==

"@d-fischer/detect-node@^3.0.1":
  version "3.0.1"
  resolved "https://registry.yarnpkg.com/@d-fischer/detect-node/-/detect-node-3.0.1.tgz#7b051a86611b0396ba205aabae805b18cc642a78"
  integrity sha512-0Rf3XwTzuTh8+oPZW9SfxTIiL+26RRJ0BRPwj5oVjZFyFKmsj9RGfN2zuTRjOuA3FCK/jYm06HOhwNK+8Pfv8w==

"@d-fischer/escape-string-regexp@^5.0.0":
  version "5.0.0"
  resolved "https://registry.yarnpkg.com/@d-fischer/escape-string-regexp/-/escape-string-regexp-5.0.0.tgz#40b1d52529c5674caf510213efc9c982877d01c4"
  integrity sha512-7eoxnxcto5eVPW5h1T+ePnVFukmI9f/ZR9nlBLh1t3kyzJDUNor2C+YW9H/Terw3YnbZSDgDYrpCJCHtOtAQHw==

"@d-fischer/isomorphic-ws@^7.0.0":
  version "7.0.2"
  resolved "https://registry.yarnpkg.com/@d-fischer/isomorphic-ws/-/isomorphic-ws-7.0.2.tgz#444eeb82c2f79566ec5e055fab1e2e43b578330c"
  integrity sha512-xK+qIJUF0ne3dsjq5Y3BviQ4M+gx9dzkN+dPP7abBMje4YRfow+X9jBgeEoTe5e+Q6+8hI9R0b37Okkk8Vf0hQ==

"@d-fischer/logger@^4.2.1", "@d-fischer/logger@^4.2.3":
  version "4.2.3"
  resolved "https://registry.yarnpkg.com/@d-fischer/logger/-/logger-4.2.3.tgz#1c8f64a2dd560eb623b00eadffbd033a290fcc38"
  integrity sha512-mJUx9OgjrNVLQa4od/+bqnmD164VTCKnK5B4WOW8TX5y/3w2i58p+PMRE45gUuFjk2BVtOZUg55JQM3d619fdw==
  dependencies:
    "@d-fischer/detect-node" "^3.0.1"
    "@d-fischer/shared-utils" "^3.2.0"
    tslib "^2.0.3"

"@d-fischer/qs@^7.0.2":
  version "7.0.2"
  resolved "https://registry.yarnpkg.com/@d-fischer/qs/-/qs-7.0.2.tgz#21942f51590e20954086bdc32fb3e608d3525659"
  integrity sha512-yAu3xDooiL+ef84Jo8nLjDjWBRk7RXk163Y6aTvRB7FauYd3spQD/dWvgT7R4CrN54Juhrrc3dMY7mc+jZGurQ==

"@d-fischer/rate-limiter@^1.0.0":
  version "1.0.1"
  resolved "https://registry.yarnpkg.com/@d-fischer/rate-limiter/-/rate-limiter-1.0.1.tgz#e25ac89972b2ebbde53e748bc155dc910962533a"
  integrity sha512-Mq+0pAJsx92hP83cjmsrXQZVQJ+/+u1JFT6fjH8pj3yfUrbT3eDBsA+6J63eat+QaC+Mci78HdiBfpsdBkdwog==
  dependencies:
    "@d-fischer/logger" "^4.2.3"
    "@d-fischer/shared-utils" "^3.6.3"
    tslib "^2.6.2"

"@d-fischer/shared-utils@^3.2.0", "@d-fischer/shared-utils@^3.5.0", "@d-fischer/shared-utils@^3.6.1", "@d-fischer/shared-utils@^3.6.3":
  version "3.6.3"
  resolved "https://registry.yarnpkg.com/@d-fischer/shared-utils/-/shared-utils-3.6.3.tgz#1178633bf5fe715cf6222a51f2b3169132496ba8"
  integrity sha512-Lz+Qk1WJLVoeREOHPZcIDTHOoxecxMSG2sq+x1xWYCH1exqiMKMMx06pXdy15UzHG7ohvQRNXk2oHqZ9EOl9jQ==
  dependencies:
    tslib "^2.4.1"

"@d-fischer/typed-event-emitter@^3.3.0", "@d-fischer/typed-event-emitter@^3.3.1":
  version "3.3.3"
  resolved "https://registry.yarnpkg.com/@d-fischer/typed-event-emitter/-/typed-event-emitter-3.3.3.tgz#d65fcf7756f3503bd56ed41bc916dc181d30597a"
  integrity sha512-OvSEOa8icfdWDqcRtjSEZtgJTFOFNgTjje7zaL0+nAtu2/kZtRCSK5wUMrI/aXtCH8o0Qz2vA8UqkhWUTARFQQ==
  dependencies:
    tslib "^2.4.0"

"@eslint/js@^9.0.0":
  version "9.0.0"
  resolved "https://registry.yarnpkg.com/@eslint/js/-/js-9.0.0.tgz#1a9e4b4c96d8c7886e0110ed310a0135144a1691"
  integrity sha512-RThY/MnKrhubF6+s1JflwUjPEsnCEmYCWwqa/aRISKWNXGZ9epUwft4bUMM35SdKF9xvBrLydAM1RDHd1Z//ZQ==

"@twurple/api-call@7.1.0":
  version "7.1.0"
  resolved "https://registry.yarnpkg.com/@twurple/api-call/-/api-call-7.1.0.tgz#811238a504835aa89c532b6c18715fadef9068a3"
  integrity sha512-aiyV492StnILyFzU/Eqgn+BA8fz125sB/0QJVlCJotMolrZxBkA4NsFEGDOcR3rOJLL7zOKPYMhWI8zY0gfzPA==
  dependencies:
    "@d-fischer/cross-fetch" "^5.0.1"
    "@d-fischer/qs" "^7.0.2"
    "@d-fischer/shared-utils" "^3.6.1"
    "@twurple/common" "7.1.0"
    tslib "^2.0.3"

"@twurple/api@7.1.0", "@twurple/api@^7.1.0":
  version "7.1.0"
  resolved "https://registry.yarnpkg.com/@twurple/api/-/api-7.1.0.tgz#a46f009c9c681f31e24d94bd6e63d12eec68b77a"
  integrity sha512-cDVVY+vecMFNEOyp7UobQn4ARydIDf04NZy1YCKIKpJHBuOV/pkTjNGluRZ0nR9/t9hBFfOyHAH4JswRZpZbnw==
  dependencies:
    "@d-fischer/cache-decorators" "^4.0.0"
    "@d-fischer/cross-fetch" "^5.0.1"
    "@d-fischer/detect-node" "^3.0.1"
    "@d-fischer/logger" "^4.2.1"
    "@d-fischer/rate-limiter" "^1.0.0"
    "@d-fischer/shared-utils" "^3.6.1"
    "@d-fischer/typed-event-emitter" "^3.3.1"
    "@twurple/api-call" "7.1.0"
    "@twurple/common" "7.1.0"
    retry "^0.13.1"
    tslib "^2.0.3"

"@twurple/auth@7.1.0", "@twurple/auth@^7.1.0":
  version "7.1.0"
  resolved "https://registry.yarnpkg.com/@twurple/auth/-/auth-7.1.0.tgz#f9287be00cb8675af812a3120692f8408065116e"
  integrity sha512-OT7XtoXeYA8yLvCKdIZ76x71D/RfxPZQqufpimy5ZSL4+TpxY1CJNFp8YWstC1KEfyGVwyr7ZoV49u95k0JJmw==
  dependencies:
    "@d-fischer/logger" "^4.2.1"
    "@d-fischer/shared-utils" "^3.6.1"
    "@d-fischer/typed-event-emitter" "^3.3.1"
    "@twurple/api-call" "7.1.0"
    "@twurple/common" "7.1.0"
    tslib "^2.0.3"

"@twurple/chat@7.1.0":
  version "7.1.0"
  resolved "https://registry.yarnpkg.com/@twurple/chat/-/chat-7.1.0.tgz#f95a6502ecf94bb46b08bbc88fd3bcd34110bc02"
  integrity sha512-AzLtq+xqbyYpqPZau5jvX3Dov+C7MW1YTunYZZ5TqyQlEb/leUD6LdwdhXhsVxQUfpVD1FhU1NSlNd7VEhv0Rg==
  dependencies:
    "@d-fischer/cache-decorators" "^4.0.0"
    "@d-fischer/deprecate" "^2.0.2"
    "@d-fischer/logger" "^4.2.1"
    "@d-fischer/rate-limiter" "^1.0.0"
    "@d-fischer/shared-utils" "^3.6.1"
    "@d-fischer/typed-event-emitter" "^3.3.0"
    "@twurple/common" "7.1.0"
    ircv3 "^0.33.0"
    tslib "^2.0.3"

"@twurple/common@7.1.0":
  version "7.1.0"
  resolved "https://registry.yarnpkg.com/@twurple/common/-/common-7.1.0.tgz#a4d4797355d0d70c275c9f0347c014b5e9f2d275"
  integrity sha512-kz3J9J116+aOdyhCzRQwaxFC5eAewwQ9Iv2UmPHXYqRfbgKay6TsL27vk+Q2HygBCvx/8OWpX3pdSo3V/VPmoA==
  dependencies:
    "@d-fischer/shared-utils" "^3.6.1"
    klona "^2.0.4"
    tslib "^2.0.3"

"@twurple/easy-bot@^7.1.0":
  version "7.1.0"
  resolved "https://registry.yarnpkg.com/@twurple/easy-bot/-/easy-bot-7.1.0.tgz#fe11bd80b65328236e14a2c09e2c17f965c95c6f"
  integrity sha512-NBuNIAS3aJYzdDMr48kNbc1RdnmKL/abJf5HJgnlE7PP/ndthQYS3S/RaNkR/DIouvbJAmgSsYRj/7UlyZ3lZQ==
  dependencies:
    "@d-fischer/logger" "^4.2.1"
    "@d-fischer/shared-utils" "^3.6.1"
    "@d-fischer/typed-event-emitter" "^3.3.0"
    "@twurple/api" "7.1.0"
    "@twurple/auth" "7.1.0"
    "@twurple/chat" "7.1.0"
    "@twurple/common" "7.1.0"
    tslib "^2.0.3"

"@types/node@*":
  version "20.12.7"
  resolved "https://registry.yarnpkg.com/@types/node/-/node-20.12.7.tgz#04080362fa3dd6c5822061aa3124f5c152cff384"
  integrity sha512-wq0cICSkRLVaf3UGLMGItu/PtdY7oaXaI/RVU+xliKVOtRna3PRY57ZDfztpDL0n11vfymMUnXv8QwYCO7L1wg==
  dependencies:
    undici-types "~5.26.4"

"@types/ws@^8.5.4":
  version "8.5.10"
  resolved "https://registry.yarnpkg.com/@types/ws/-/ws-8.5.10.tgz#4acfb517970853fa6574a3a6886791d04a396787"
  integrity sha512-vmQSUcfalpIq0R9q7uTo2lXs6eGIpt9wtnLdMv9LVpIjCA/+ufZRozlVoVelIYixx1ugCBKDhn89vnsEGOCx9A==
  dependencies:
    "@types/node" "*"

asynckit@^0.4.0:
  version "0.4.0"
  resolved "https://registry.yarnpkg.com/asynckit/-/asynckit-0.4.0.tgz#c79ed97f7f34cb8f2ba1bc9790bcc366474b4b79"
  integrity sha512-Oei9OH4tRh0YqU3GxhX79dM/mwVgvbZJaSNaRk+bshkj0S5cfHcgYakreBjrHwatXKbz+IoIdYLxrKim2MjW0Q==

axios@^1.6.8:
  version "1.6.8"
  resolved "https://registry.yarnpkg.com/axios/-/axios-1.6.8.tgz#66d294951f5d988a00e87a0ffb955316a619ea66"
  integrity sha512-v/ZHtJDU39mDpyBoFVkETcd/uNdxrWRrg3bKpOKzXFA6Bvqopts6ALSMU3y6ijYxbw2B+wPrIv46egTzJXCLGQ==
  dependencies:
    follow-redirects "^1.15.6"
    form-data "^4.0.0"
    proxy-from-env "^1.1.0"

combined-stream@^1.0.8:
  version "1.0.8"
  resolved "https://registry.yarnpkg.com/combined-stream/-/combined-stream-1.0.8.tgz#c3d45a8b34fd730631a110a8a2520682b31d5a7f"
  integrity sha512-FQN4MRfuJeHf7cBbBMJFXhKSDq+2kAArBlmRBvcvFE5BB1HZKXtSFASDhdlz9zOYwxh8lDdnvmMOe/+5cdoEdg==
  dependencies:
    delayed-stream "~1.0.0"

delayed-stream@~1.0.0:
  version "1.0.0"
  resolved "https://registry.yarnpkg.com/delayed-stream/-/delayed-stream-1.0.0.tgz#df3ae199acadfb7d440aaae0b29e2272b24ec619"
  integrity sha512-ZySD7Nf91aLB0RxL4KGrKHBXl7Eds1DAmEdcoVawXnLD7SDhpNgtuII2aAkg7a7QS41jxPSZ17p4VdGnMHk3MQ==

dotenv@^16.4.5:
  version "16.4.5"
  resolved "https://registry.yarnpkg.com/dotenv/-/dotenv-16.4.5.tgz#cdd3b3b604cb327e286b4762e13502f717cb099f"
  integrity sha512-ZmdL2rui+eB2YwhsWzjInR8LldtZHGDoQ1ugH85ppHKwpUHL7j7rN0Ti9NCnGiQbhaZ11FpR+7ao1dNsmduNUg==

eslint-config-prettier@^9.1.0:
  version "9.1.0"
  resolved "https://registry.yarnpkg.com/eslint-config-prettier/-/eslint-config-prettier-9.1.0.tgz#31af3d94578645966c082fcb71a5846d3c94867f"
  integrity sha512-NSWl5BFQWEPi1j4TjVNItzYV7dZXZ+wP6I6ZhrBGpChQhZRUaElihE9uRRkcbRnNb76UMKDF3r+WTmNcGPKsqw==

follow-redirects@^1.15.6:
  version "1.15.6"
  resolved "https://registry.yarnpkg.com/follow-redirects/-/follow-redirects-1.15.6.tgz#7f815c0cda4249c74ff09e95ef97c23b5fd0399b"
  integrity sha512-wWN62YITEaOpSK584EZXJafH1AGpO8RVgElfkuXbTOrPX4fIfOyEpW/CsiNd8JdYrAoOvafRTOEnvsO++qCqFA==

form-data@^4.0.0:
  version "4.0.0"
  resolved "https://registry.yarnpkg.com/form-data/-/form-data-4.0.0.tgz#93919daeaf361ee529584b9b31664dc12c9fa452"
  integrity sha512-ETEklSGi5t0QMZuiXoA/Q6vcnxcLQP5vdugSpuAyi6SVGi2clPPp+xgEhuMaHC+zGgn31Kd235W35f7Hykkaww==
  dependencies:
    asynckit "^0.4.0"
    combined-stream "^1.0.8"
    mime-types "^2.1.12"

ircv3@^0.33.0:
  version "0.33.0"
  resolved "https://registry.yarnpkg.com/ircv3/-/ircv3-0.33.0.tgz#13b7a308f8604c088579ebf9615bb0ad457a78aa"
  integrity sha512-7rK1Aial3LBiFycE8w3MHiBBFb41/2GG2Ll/fR2IJj1vx0pLpn1s+78K+z/I4PZTqCCSp/Sb4QgKMh3NMhx0Kg==
  dependencies:
    "@d-fischer/connection" "^9.0.0"
    "@d-fischer/escape-string-regexp" "^5.0.0"
    "@d-fischer/logger" "^4.2.1"
    "@d-fischer/shared-utils" "^3.5.0"
    "@d-fischer/typed-event-emitter" "^3.3.0"
    klona "^2.0.5"
    tslib "^2.4.1"

klona@^2.0.4, klona@^2.0.5:
  version "2.0.6"
  resolved "https://registry.yarnpkg.com/klona/-/klona-2.0.6.tgz#85bffbf819c03b2f53270412420a4555ef882e22"
  integrity sha512-dhG34DXATL5hSxJbIexCft8FChFXtmskoZYnoPWjXQuebWYCNkVeV3KkGegCK9CP1oswI/vQibS2GY7Em/sJJA==

mime-db@1.52.0:
  version "1.52.0"
  resolved "https://registry.yarnpkg.com/mime-db/-/mime-db-1.52.0.tgz#bbabcdc02859f4987301c856e3387ce5ec43bf70"
  integrity sha512-sPU4uV7dYlvtWJxwwxHD0PuihVNiE7TyAbQ5SWxDCB9mUYvOgroQOwYQQOKPJ8CIbE+1ETVlOoK1UC2nU3gYvg==

mime-types@^2.1.12:
  version "2.1.35"
  resolved "https://registry.yarnpkg.com/mime-types/-/mime-types-2.1.35.tgz#381a871b62a734450660ae3deee44813f70d959a"
  integrity sha512-ZDY+bPm5zTTF+YpCrAU9nK0UgICYPT0QtT1NZWFv4s++TNkcgVaT0g6+4R2uI4MjQjzysHB1zxuWL50hzaeXiw==
  dependencies:
    mime-db "1.52.0"

node-fetch@^2.6.12:
  version "2.7.0"
  resolved "https://registry.yarnpkg.com/node-fetch/-/node-fetch-2.7.0.tgz#d0f0fa6e3e2dc1d27efcd8ad99d550bda94d187d"
  integrity sha512-c4FRfUm/dbcWZ7U+1Wq0AwCyFL+3nt2bEw05wfxSz+DWpWsitgmSgYmy2dQdWyKC1694ELPqMs/YzUSNozLt8A==
  dependencies:
    whatwg-url "^5.0.0"

prettier-plugin-organize-imports@^3.2.4:
  version "3.2.4"
  resolved "https://registry.yarnpkg.com/prettier-plugin-organize-imports/-/prettier-plugin-organize-imports-3.2.4.tgz#77967f69d335e9c8e6e5d224074609309c62845e"
  integrity sha512-6m8WBhIp0dfwu0SkgfOxJqh+HpdyfqSSLfKKRZSFbDuEQXDDndb8fTpRWkUrX/uBenkex3MgnVk0J3b3Y5byog==

prettier@3.2.5:
  version "3.2.5"
  resolved "https://registry.yarnpkg.com/prettier/-/prettier-3.2.5.tgz#e52bc3090586e824964a8813b09aba6233b28368"
  integrity sha512-3/GWa9aOC0YeD7LUfvOG2NiDyhOWRvt1k+rcKhOuYnMY24iiCphgneUfJDyFXd6rZCAnuLBv6UeAULtrhT/F4A==

proxy-from-env@^1.1.0:
  version "1.1.0"
  resolved "https://registry.yarnpkg.com/proxy-from-env/-/proxy-from-env-1.1.0.tgz#e102f16ca355424865755d2c9e8ea4f24d58c3e2"
  integrity sha512-D+zkORCbA9f1tdWRK0RaCR3GPv50cMxcrz4X8k5LTSUD1Dkw47mKJEZQNunItRTkWwgtaUSo1RVFRIG9ZXiFYg==

retry@^0.13.1:
  version "0.13.1"
  resolved "https://registry.yarnpkg.com/retry/-/retry-0.13.1.tgz#185b1587acf67919d63b357349e03537b2484658"
  integrity sha512-XQBQ3I8W1Cge0Seh+6gjj03LbmRFWuoszgK9ooCpwYIrhhoO80pfq4cUkU5DkknwfOfFteRwlZ56PYOGYyFWdg==

tr46@~0.0.3:
  version "0.0.3"
  resolved "https://registry.yarnpkg.com/tr46/-/tr46-0.0.3.tgz#8184fd347dac9cdc185992f3a6622e14b9d9ab6a"
  integrity sha512-N3WMsuqV66lT30CrXNbEjx4GEwlow3v6rr4mCcv6prnfwhS01rkgyFdjPNBYd9br7LpXV1+Emh01fHnq2Gdgrw==

tslib@^2.0.3, tslib@^2.4.0, tslib@^2.4.1, tslib@^2.6.2:
  version "2.6.2"
  resolved "https://registry.yarnpkg.com/tslib/-/tslib-2.6.2.tgz#703ac29425e7b37cd6fd456e92404d46d1f3e4ae"
  integrity sha512-AEYxH93jGFPn/a2iVAwW87VuUIkR1FVUKB77NwMF7nBTDkDrrT/Hpt/IrCJ0QXhW27jTBDcf5ZY7w6RiqTMw2Q==

undici-types@~5.26.4:
  version "5.26.5"
  resolved "https://registry.yarnpkg.com/undici-types/-/undici-types-5.26.5.tgz#bcd539893d00b56e964fd2657a4866b221a65617"
  integrity sha512-JlCMO+ehdEIKqlFxk6IfVoAUVmgz7cU7zD/h9XZ0qzeosSHmUJVOzSQvvYSYWXkFXC+IfLKSIffhv0sVZup6pA==

webidl-conversions@^3.0.0:
  version "3.0.1"
  resolved "https://registry.yarnpkg.com/webidl-conversions/-/webidl-conversions-3.0.1.tgz#24534275e2a7bc6be7bc86611cc16ae0a5654871"
  integrity sha512-2JAn3z8AR6rjK8Sm8orRC0h/bcl/DqL7tRPdGZ4I1CjdF+EaMLmYxBHyXuKL849eucPFhvBoxMsflfOb8kxaeQ==

whatwg-url@^5.0.0:
  version "5.0.0"
  resolved "https://registry.yarnpkg.com/whatwg-url/-/whatwg-url-5.0.0.tgz#966454e8765462e37644d3626f6742ce8b70965d"
  integrity sha512-saE57nupxk6v3HY35+jzBwYa0rKSy0XR8JSxZPwgLr7ys0IBzhGviA1/TUGJLmSVqs8pb9AnvICXEuOHLprYTw==
  dependencies:
    tr46 "~0.0.3"
    webidl-conversions "^3.0.0"

ws@^8.11.0:
  version "8.16.0"
  resolved "https://registry.yarnpkg.com/ws/-/ws-8.16.0.tgz#d1cd774f36fbc07165066a60e40323eab6446fd4"
  integrity sha512-HS0c//TP7Ina87TfiPUz1rQzMhHrl/SG2guqRcTOIUYD2q8uhUdNHZYJUaQ8aTGPzCh+c6oawMKW35nFl1dxyQ==
